Microsoft Visual Studio Solution File, Format Version 11.00
# Visual Studio 2008

Project("{8F51489C-DC55-1B2D-FCE4-A34DC0C8782A}") = "CloudRecognitionVideoPlay", "Assembly-CSharp.csproj", "{49889036-0604-E536-6CDE-89EAFFF1C705}"
EndProject
Project("{8F51489C-DC55-1B2D-FCE4-A34DC0C8782A}") = "CloudRecognitionVideoPlay", "Assembly-CSharp-Editor.csproj", "{840B8430-84CC-EDC5-311C-0BCFDA492267}"
EndProject
Project("{8F51489C-DC55-1B2D-FCE4-A34DC0C8782A}") = "CloudRecognitionVideoPlay", "Assembly-UnityScript-Editor-firstpass.unityproj", "{09886016-DDE6-1620-F381-07B4D98C4C87}"
EndProject
Global
	GlobalSection(SolutionConfigurationPlatforms) = preSolution
		Debug|Any CPU = Debug|Any CPU
		Release|Any CPU = Release|Any CPU
	EndGlobalSection
	GlobalSection(ProjectConfigurationPlatforms) = postSolution
		{49889036-0604-E536-6CDE-89EAFFF1C705}.Debug|Any CPU.ActiveCfg = Debug|Any CPU
		{49889036-0604-E536-6CDE-89EAFFF1C705}.Debug|Any CPU.Build.0 = Debug|Any CPU
		{49889036-0604-E536-6CDE-89EAFFF1C705}.Release|Any CPU.ActiveCfg = Release|Any CPU
		{49889036-0604-E536-6CDE-89EAFFF1C705}.Release|Any CPU.Build.0 = Release|Any CPU
		{840B8430-84CC-EDC5-311C-0BCFDA492267}.Debug|Any CPU.ActiveCfg = Debug|Any CPU
		{840B8430-84CC-EDC5-311C-0BCFDA492267}.Debug|Any CPU.Build.0 = Debug|Any CPU
		{840B8430-84CC-EDC5-311C-0BCFDA492267}.Release|Any CPU.ActiveCfg = Release|Any CPU
		{840B8430-84CC-EDC5-311C-0BCFDA492267}.Release|Any CPU.Build.0 = Release|Any CPU
		{09886016-DDE6-1620-F381-07B4D98C4C87}.Debug|Any CPU.ActiveCfg = Debug|Any CPU
		{09886016-DDE6-1620-F381-07B4D98C4C87}.Debug|Any CPU.Build.0 = Debug|Any CPU
		{09886016-DDE6-1620-F381-07B4D98C4C87}.Release|Any CPU.ActiveCfg = Release|Any CPU
		{09886016-DDE6-1620-F381-07B4D98C4C87}.Release|Any CPU.Build.0 = Release|Any CPU
	EndGlobalSection
	GlobalSection(SolutionProperties) = preSolution
		HideSolutionNode = FALSE
	EndGlobalSection
		GlobalSection(MonoDevelopProperties) = preSolution
		StartupItem = Assembly-CSharp.csproj
		Policies = $0
		$0.TextStylePolicy = $1
		$1.inheritsSet = null
		$1.scope = text/x-csharp
		$0.CSharpFormattingPolicy = $2
		$2.inheritsSet = Mono
		$2.inheritsScope = text/x-csharp
		$2.scope = text/x-csharp
		$0.TextStylePolicy = $3
		$3.FileWidth = 120
		$3.TabWidth = 4
		$3.IndentWidth = 4
		$3.EolMarker = Unix
		$3.inheritsSet = Mono
		$3.inheritsScope = text/plain
		$3.scope = text/plain
	EndGlobalSection

EndGlobal
